
Microsoft Visual Studio Solution File, Format Version 12.00
# Visual Studio Version 17
VisualStudioVersion = 17.8.34511.84
MinimumVisualStudioVersion = 10.0.40219.1
Project("{9A19103F-16F7-4668-BE54-9A1E7A4F7556}") = "CleanArch.Api", "CleanArch.Api\CleanArch.Api.csproj", "{E7105AF4-1326-4297-B82F-B972466DA5A2}"
EndProject
Project("{9A19103F-16F7-4668-BE54-9A1E7A4F7556}") = "CleanArch.Application", "CleanArch.Application\CleanArch.Application.csproj", "{F7D4AD50-2E45-4AB7-907B-54F45876CD45}"
EndProject
Project("{9A19103F-16F7-4668-BE54-9A1E7A4F7556}") = "CleanArch.Infrastructure", "CleanArch.Infrastructure\CleanArch.Infrastructure.csproj", "{08C24D09-4F39-4E5F-BAF8-75002065CDDD}"
EndProject
Project("{9A19103F-16F7-4668-BE54-9A1E7A4F7556}") = "CleanArch.Domain.SqlServer", "CleanArch.Domain.SqlServer\CleanArch.Domain.SqlServer.csproj", "{AA4D9B8B-40F4-471C-8E9A-79F353D846E1}"
EndProject
Project("{9A19103F-16F7-4668-BE54-9A1E7A4F7556}") = "CleanArch.Domain.MongoDB", "CleanArch.Domain.MongoDb\CleanArch.Domain.MongoDB.csproj", "{96102DBB-F050-4E6F-977D-A22AD7DFDDF4}"
EndProject
Project("{2150E333-8FDC-42A3-9474-1A3956D46DE8}") = "Domain", "Domain", "{2B88A666-58DF-406F-B31B-60234FEDCFC2}"
EndProject
Project("{2150E333-8FDC-42A3-9474-1A3956D46DE8}") = "Application", "Application", "{162DBDD2-A230-4A6F-91AB-844ACB529451}"
EndProject
Project("{2150E333-8FDC-42A3-9474-1A3956D46DE8}") = "Infrastructure", "Infrastructure", "{713880AC-39D7-4303-85B3-F0D4880855B6}"
EndProject
Project("{2150E333-8FDC-42A3-9474-1A3956D46DE8}") = "Web", "Web", "{B1656F52-4F55-4CE3-AB47-1ED5CD23867C}"
EndProject
Project("{FAE04EC0-301F-11D3-BF4B-00C04F79EFBC}") = "CleanArch.Domain.Shared", "CleanArch.Domain.Shared\CleanArch.Domain.Shared.csproj", "{82AF2AB0-1484-4739-B303-3A2976245143}"
EndProject
Global
	GlobalSection(SolutionConfigurationPlatforms) = preSolution
		Debug|Any CPU = Debug|Any CPU
		Release|Any CPU = Release|Any CPU
	EndGlobalSection
	GlobalSection(ProjectConfigurationPlatforms) = postSolution
		{E7105AF4-1326-4297-B82F-B972466DA5A2}.Debug|Any CPU.ActiveCfg = Debug|Any CPU
		{E7105AF4-1326-4297-B82F-B972466DA5A2}.Debug|Any CPU.Build.0 = Debug|Any CPU
		{E7105AF4-1326-4297-B82F-B972466DA5A2}.Release|Any CPU.ActiveCfg = Release|Any CPU
		{E7105AF4-1326-4297-B82F-B972466DA5A2}.Release|Any CPU.Build.0 = Release|Any CPU
		{F7D4AD50-2E45-4AB7-907B-54F45876CD45}.Debug|Any CPU.ActiveCfg = Debug|Any CPU
		{F7D4AD50-2E45-4AB7-907B-54F45876CD45}.Debug|Any CPU.Build.0 = Debug|Any CPU
		{F7D4AD50-2E45-4AB7-907B-54F45876CD45}.Release|Any CPU.ActiveCfg = Release|Any CPU
		{F7D4AD50-2E45-4AB7-907B-54F45876CD45}.Release|Any CPU.Build.0 = Release|Any CPU
		{08C24D09-4F39-4E5F-BAF8-75002065CDDD}.Debug|Any CPU.ActiveCfg = Debug|Any CPU
		{08C24D09-4F39-4E5F-BAF8-75002065CDDD}.Debug|Any CPU.Build.0 = Debug|Any CPU
		{08C24D09-4F39-4E5F-BAF8-75002065CDDD}.Release|Any CPU.ActiveCfg = Release|Any CPU
		{08C24D09-4F39-4E5F-BAF8-75002065CDDD}.Release|Any CPU.Build.0 = Release|Any CPU
		{AA4D9B8B-40F4-471C-8E9A-79F353D846E1}.Debug|Any CPU.ActiveCfg = Debug|Any CPU
		{AA4D9B8B-40F4-471C-8E9A-79F353D846E1}.Debug|Any CPU.Build.0 = Debug|Any CPU
		{AA4D9B8B-40F4-471C-8E9A-79F353D846E1}.Release|Any CPU.ActiveCfg = Release|Any CPU
		{AA4D9B8B-40F4-471C-8E9A-79F353D846E1}.Release|Any CPU.Build.0 = Release|Any CPU
		{96102DBB-F050-4E6F-977D-A22AD7DFDDF4}.Debug|Any CPU.ActiveCfg = Debug|Any CPU
		{96102DBB-F050-4E6F-977D-A22AD7DFDDF4}.Debug|Any CPU.Build.0 = Debug|Any CPU
		{96102DBB-F050-4E6F-977D-A22AD7DFDDF4}.Release|Any CPU.ActiveCfg = Release|Any CPU
		{96102DBB-F050-4E6F-977D-A22AD7DFDDF4}.Release|Any CPU.Build.0 = Release|Any CPU
		{82AF2AB0-1484-4739-B303-3A2976245143}.Debug|Any CPU.ActiveCfg = Debug|Any CPU
		{82AF2AB0-1484-4739-B303-3A2976245143}.Debug|Any CPU.Build.0 = Debug|Any CPU
		{82AF2AB0-1484-4739-B303-3A2976245143}.Release|Any CPU.ActiveCfg = Release|Any CPU
		{82AF2AB0-1484-4739-B303-3A2976245143}.Release|Any CPU.Build.0 = Release|Any CPU
	EndGlobalSection
	GlobalSection(SolutionProperties) = preSolution
		HideSolutionNode = FALSE
	EndGlobalSection
	GlobalSection(NestedProjects) = preSolution
		{E7105AF4-1326-4297-B82F-B972466DA5A2} = {B1656F52-4F55-4CE3-AB47-1ED5CD23867C}
		{F7D4AD50-2E45-4AB7-907B-54F45876CD45} = {162DBDD2-A230-4A6F-91AB-844ACB529451}
		{08C24D09-4F39-4E5F-BAF8-75002065CDDD} = {713880AC-39D7-4303-85B3-F0D4880855B6}
		{AA4D9B8B-40F4-471C-8E9A-79F353D846E1} = {2B88A666-58DF-406F-B31B-60234FEDCFC2}
		{96102DBB-F050-4E6F-977D-A22AD7DFDDF4} = {2B88A666-58DF-406F-B31B-60234FEDCFC2}
		{82AF2AB0-1484-4739-B303-3A2976245143} = {2B88A666-58DF-406F-B31B-60234FEDCFC2}
	EndGlobalSection
	GlobalSection(ExtensibilityGlobals) = postSolution
		SolutionGuid = {81287DDE-F0DE-450A-BD95-E9EF05714126}
	EndGlobalSection
EndGlobal
